
Microsoft Visual Studio Solution File, Format Version 12.00
# Visual Studio 15
VisualStudioVersion = 15.0.27428.2037
MinimumVisualStudioVersion = 10.0.40219.1
Project("{FAE04EC0-301F-11D3-BF4B-00C04F79EFBC}") = "Unique_User_Key_Generation", "Unique_User_Key_Generation\Unique_User_Key_Generation.csproj", "{F381C787-5A84-4D6C-96CB-E66F9C3E2286}"
EndProject
Global
	GlobalSection(SolutionConfigurationPlatforms) = preSolution
		Debug|Any CPU = Debug|Any CPU
		Release|Any CPU = Release|Any CPU
	EndGlobalSection
	GlobalSection(ProjectConfigurationPlatforms) = postSolution
		{F381C787-5A84-4D6C-96CB-E66F9C3E2286}.Debug|Any CPU.ActiveCfg = Debug|Any CPU
		{F381C787-5A84-4D6C-96CB-E66F9C3E2286}.Debug|Any CPU.Build.0 = Debug|Any CPU
		{F381C787-5A84-4D6C-96CB-E66F9C3E2286}.Release|Any CPU.ActiveCfg = Release|Any CPU
		{F381C787-5A84-4D6C-96CB-E66F9C3E2286}.Release|Any CPU.Build.0 = Release|Any CPU
	EndGlobalSection
	GlobalSection(SolutionProperties) = preSolution
		HideSolutionNode = FALSE
	EndGlobalSection
	GlobalSection(ExtensibilityGlobals) = postSolution
		SolutionGuid = {FE136AD1-1617-4F70-ABE2-10B201299FFB}
	EndGlobalSection
EndGlobal
